// !$*UTF8*$!
{
	archiveVersion = 1;
	classes = {
	};
	objectVersion = 50;
	objects = {

/* Begin PBXBuildFile section */
		813F9DAC26971EE80014EB57 /* AppDelegate.swift in Sources */ = {isa = PBXBuildFile; fileRef = 813F9DAB26971EE80014EB57 /* AppDelegate.swift */; };
		813F9DAE26971EE80014EB57 /* SceneDelegate.swift in Sources */ = {isa = PBXBuildFile; fileRef = 813F9DAD26971EE80014EB57 /* SceneDelegate.swift */; };
		813F9DB026971EE80014EB57 /* RecordSoundsViewController.swift in Sources */ = {isa = PBXBuildFile; fileRef = 813F9DAF26971EE80014EB57 /* RecordSoundsViewController.swift */; };
		813F9DB326971EE80014EB57 /* Main.storyboard in Resources */ = {isa = PBXBuildFile; fileRef = 813F9DB126971EE80014EB57 /* Main.storyboard */; };
		813F9DB526971EEB0014EB57 /* Assets.xcassets in Resources */ = {isa = PBXBuildFile; fileRef = 813F9DB426971EEB0014EB57 /* Assets.xcassets */; };
		813F9DB826971EEB0014EB57 /* LaunchScreen.storyboard in Resources */ = {isa = PBXBuildFile; fileRef = 813F9DB626971EEB0014EB57 /* LaunchScreen.storyboard */; };
		8151763F269A2047002AAAE5 /* PlayerViewController.swift in Sources */ = {isa = PBXBuildFile; fileRef = 8151763E269A2047002AAAE5 /* PlayerViewController.swift */; };
		81517641269B7678002AAAE5 /* PlayerViewController+Audio.swift in Sources */ = {isa = PBXBuildFile; fileRef = 81517640269B7678002AAAE5 /* PlayerViewController+Audio.swift */; };
/* End PBXBuildFile section */

/* Begin PBXFileReference section */
		813F9DA826971EE80014EB57 /* VoiceRecorder.app */ = {isa = PBXFileReference; explicitFileType = wrapper.application; includeInIndex = 0; path = VoiceRecorder.app; sourceTree = BUILT_PRODUCTS_DIR; };
		813F9DAB26971EE80014EB57 /* AppDelegate.swift */ = {isa = PBXFileReference; lastKnownFileType = sourcecode.swift; path = AppDelegate.swift; sourceTree = "<group>"; };
		813F9DAD26971EE80014EB57 /* SceneDelegate.swift */ = {isa = PBXFileReference; lastKnownFileType = sourcecode.swift; path = SceneDelegate.swift; sourceTree = "<group>"; };
		813F9DAF26971EE80014EB57 /* RecordSoundsViewController.swift */ = {isa = PBXFileReference; lastKnownFileType = sourcecode.swift; path = RecordSoundsViewController.swift; sourceTree = "<group>"; };
		813F9DB226971EE80014EB57 /* Base */ = {isa = PBXFileReference; lastKnownFileType = file.storyboard; name = Base; path = Base.lproj/Main.storyboard; sourceTree = "<group>"; };
		813F9DB426971EEB0014EB57 /* Assets.xcassets */ = {isa = PBXFileReference; lastKnownFileType = folder.assetcatalog; path = Assets.xcassets; sourceTree = "<group>"; };
		813F9DB726971EEB0014EB57 /* Base */ = {isa = PBXFileReference; lastKnownFileType = file.storyboard; name = Base; path = Base.lproj/LaunchScreen.storyboard; sourceTree = "<group>"; };
		813F9DB926971EEB0014EB57 /* Info.plist */ = {isa = PBXFileReference; lastKnownFileType = text.plist.xml; path = Info.plist; sourceTree = "<group>"; };
		8151763E269A2047002AAAE5 /* PlayerViewController.swift */ = {isa = PBXFileReference; lastKnownFileType = sourcecode.swift; path = PlayerViewController.swift; sourceTree = "<group>"; };
		81517640269B7678002AAAE5 /* PlayerViewController+Audio.swift */ = {isa = PBXFileReference; lastKnownFileType = sourcecode.swift; path = "PlayerViewController+Audio.swift"; sourceTree = "<group>"; };
/* End PBXFileReference section */

/* Begin PBXFrameworksBuildPhase section */
		813F9DA526971EE80014EB57 /* Frameworks */ = {
			isa = PBXFrameworksBuildPhase;
			buildActionMask = 2147483647;
			files = (
			);
			runOnlyForDeploymentPostprocessing = 0;
		};
/* End PBXFrameworksBuildPhase section */

/* Begin PBXGroup section */
		813F9D9F26971EE80014EB57 = {
			isa = PBXGroup;
			children = (
				813F9DAA26971EE80014EB57 /* VoiceRecorder */,
				813F9DA926971EE80014EB57 /* Products */,
			);
			sourceTree = "<group>";
		};
		813F9DA926971EE80014EB57 /* Products */ = {
			isa = PBXGroup;
			children = (
				813F9DA826971EE80014EB57 /* VoiceRecorder.app */,
			);
			name = Products;
			sourceTree = "<group>";
		};
		813F9DAA26971EE80014EB57 /* VoiceRecorder */ = {
			isa = PBXGroup;
			children = (
				813F9DAB26971EE80014EB57 /* AppDelegate.swift */,
				813F9DAD26971EE80014EB57 /* SceneDelegate.swift */,
				813F9DAF26971EE80014EB57 /* RecordSoundsViewController.swift */,
				813F9DB126971EE80014EB57 /* Main.storyboard */,
				813F9DB426971EEB0014EB57 /* Assets.xcassets */,
				813F9DB626971EEB0014EB57 /* LaunchScreen.storyboard */,
				813F9DB926971EEB0014EB57 /* Info.plist */,
				8151763E269A2047002AAAE5 /* PlayerViewController.swift */,
				81517640269B7678002AAAE5 /* PlayerViewController+Audio.swift */,
			);
			path = VoiceRecorder;
			sourceTree = "<group>";
		};
/* End PBXGroup section */

/* Begin PBXNativeTarget section */
		813F9DA726971EE80014EB57 /* VoiceRecorder */ = {
			isa = PBXNativeTarget;
			buildConfigurationList = 813F9DBC26971EEB0014EB57 /* Build configuration list for PBXNativeTarget "VoiceRecorder" */;
			buildPhases = (
				813F9DA426971EE80014EB57 /* Sources */,
				813F9DA526971EE80014EB57 /* Frameworks */,
				813F9DA626971EE80014EB57 /* Resources */,
			);
			buildRules = (
			);
			dependencies = (
			);
			name = VoiceRecorder;
			productName = VoiceRecorder;
			productReference = 813F9DA826971EE80014EB57 /* VoiceRecorder.app */;
			productType = "com.apple.product-type.application";
		};
/* End PBXNativeTarget section */

/* Begin PBXProject section */
		813F9DA026971EE80014EB57 /* Project object */ = {
			isa = PBXProject;
			attributes = {
				LastSwiftUpdateCheck = 1250;
				LastUpgradeCheck = 1250;
				TargetAttributes = {
					813F9DA726971EE80014EB57 = {
						CreatedOnToolsVersion = 12.5.1;
					};
				};
			};
			buildConfigurationList = 813F9DA326971EE80014EB57 /* Build configuration list for PBXProject "VoiceRecorder" */;
			compatibilityVersion = "Xcode 9.3";
			developmentRegion = en;
			hasScannedForEncodings = 0;
			knownRegions = (
				en,
				Base,
			);
			mainGroup = 813F9D9F26971EE80014EB57;
			productRefGroup = 813F9DA926971EE80014EB57 /* Products */;
			projectDirPath = "";
			projectRoot = "";
			targets = (
				813F9DA726971EE80014EB57 /* VoiceRecorder */,
			);
		};
/* End PBXProject section */

/* Begin PBXResourcesBuildPhase section */
		813F9DA626971EE80014EB57 /* Resources */ = {
			isa = PBXResourcesBuildPhase;
			buildActionMask = 2147483647;
			files = (
				813F9DB826971EEB0014EB57 /* LaunchScreen.storyboard in Resources */,
				813F9DB526971EEB0014EB57 /* Assets.xcassets in Resources */,
				813F9DB326971EE80014EB57 /* Main.storyboard in Resources */,
			);
			runOnlyForDeploymentPostprocessing = 0;
		};
/* End PBXResourcesBuildPhase section */

/* Begin PBXSourcesBuildPhase section */
		813F9DA426971EE80014EB57 /* Sources */ = {
			isa = PBXSourcesBuildPhase;
			buildActionMask = 2147483647;
			files = (
				813F9DB026971EE80014EB57 /* RecordSoundsViewController.swift in Sources */,
				8151763F269A2047002AAAE5 /* PlayerViewController.swift in Sources */,
				813F9DAC26971EE80014EB57 /* AppDelegate.swift in Sources */,
				81517641269B7678002AAAE5 /* PlayerViewController+Audio.swift in Sources */,
				813F9DAE26971EE80014EB57 /* SceneDelegate.swift in Sources */,
			);
			runOnlyForDeploymentPostprocessing = 0;
		};
/* End PBXSourcesBuildPhase section */

/* Begin PBXVariantGroup section */
		813F9DB126971EE80014EB57 /* Main.storyboard */ = {
			isa = PBXVariantGroup;
			children = (
				813F9DB226971EE80014EB57 /* Base */,
			);
			name = Main.storyboard;
			sourceTree = "<group>";
		};
		813F9DB626971EEB0014EB57 /* LaunchScreen.storyboard */ = {
			isa = PBXVariantGroup;
			children = (
				813F9DB726971EEB0014EB57 /* Base */,
			);
			name = LaunchScreen.storyboard;
			sourceTree = "<group>";
		};
/* End PBXVariantGroup section */

/* Begin XCBuildConfiguration section */
		813F9DBA26971EEB0014EB57 /* Debug */ = {
			isa = XCBuildConfiguration;
			buildSettings = {
				ALWAYS_SEARCH_USER_PATHS = NO;
				CLANG_ANALYZER_NONNULL = YES;
				CLANG_ANALYZER_NUMBER_OBJECT_CONVERSION = YES_AGGRESSIVE;
				CLANG_CXX_LANGUAGE_STANDARD = "gnu++14";
				CLANG_CXX_LIBRARY = "libc++";
				CLANG_ENABLE_MODULES = YES;
				CLANG_ENABLE_OBJC_ARC = YES;
				CLANG_ENABLE_OBJC_WEAK = YES;
				CLANG_WARN_BLOCK_CAPTURE_AUTORELEASING = YES;
				CLANG_WARN_BOOL_CONVERSION = YES;
				CLANG_WARN_COMMA = YES;
				CLANG_WARN_CONSTANT_CONVERSION = YES;
				CLANG_WARN_DEPRECATED_OBJC_IMPLEMENTATIONS = YES;
				CLANG_WARN_DIRECT_OBJC_ISA_USAGE = YES_ERROR;
				CLANG_WARN_DOCUMENTATION_COMMENTS = YES;
				CLANG_WARN_EMPTY_BODY = YES;
				CLANG_WARN_ENUM_CONVERSION = YES;
				CLANG_WARN_INFINITE_RECURSION = YES;
				CLANG_WARN_INT_CONVERSION = YES;
				CLANG_WARN_NON_LITERAL_NULL_CONVERSION = YES;
				CLANG_WARN_OBJC_IMPLICIT_RETAIN_SELF = YES;
				CLANG_WARN_OBJC_LITERAL_CONVERSION = YES;
				CLANG_WARN_OBJC_ROOT_CLASS = YES_ERROR;
				CLANG_WARN_QUOTED_INCLUDE_IN_FRAMEWORK_HEADER = YES;
				CLANG_WARN_RANGE_LOOP_ANALYSIS = YES;
				CLANG_WARN_STRICT_PROTOTYPES = YES;
				CLANG_WARN_SUSPICIOUS_MOVE = YES;
				CLANG_WARN_UNGUARDED_AVAILABILITY = YES_AGGRESSIVE;
				CLANG_WARN_UNREACHABLE_CODE = YES;
				CLANG_WARN__DUPLICATE_METHOD_MATCH = YES;
				COPY_PHASE_STRIP = NO;
				DEBUG_INFORMATION_FORMAT = dwarf;
				ENABLE_STRICT_OBJC_MSGSEND = YES;
				ENABLE_TESTABILITY = YES;
				GCC_C_LANGUAGE_STANDARD = gnu11;
				GCC_DYNAMIC_NO_PIC = NO;
				GCC_NO_COMMON_BLOCKS = YES;
				GCC_OPTIMIZATION_LEVEL = 0;
				GCC_PREPROCESSOR_DEFINITIONS = (
					"DEBUG=1",
					"$(inherited)",
				);
				GCC_WARN_64_TO_32_BIT_CONVERSION = YES;
				GCC_WARN_ABOUT_RETURN_TYPE = YES_ERROR;
				GCC_WARN_UNDECLARED_SELECTOR = YES;
				GCC_WARN_UNINITIALIZED_AUTOS = YES_AGGRESSIVE;
				GCC_WARN_UNUSED_FUNCTION = YES;
				GCC_WARN_UNUSED_VARIABLE = YES;
				IPHONEOS_DEPLOYMENT_TARGET = 14.5;
				MTL_ENABLE_DEBUG_INFO = INCLUDE_SOURCE;
				MTL_FAST_MATH = YES;
				ONLY_ACTIVE_ARCH = YES;
				SDKROOT = iphoneos;
				SWIFT_ACTIVE_COMPILATION_CONDITIONS = DEBUG;
				SWIFT_OPTIMIZATION_LEVEL = "-Onone";
			};
			name = Debug;
		};
		813F9DBB26971EEB0014EB57 /* Release */ = {
			isa = XCBuildConfiguration;
			buildSettings = {
				ALWAYS_SEARCH_USER_PATHS = NO;
				CLANG_ANALYZER_NONNULL = YES;
				CLANG_ANALYZER_NUMBER_OBJECT_CONVERSION = YES_AGGRESSIVE;
				CLANG_CXX_LANGUAGE_STANDARD = "gnu++14";
				CLANG_CXX_LIBRARY = "libc++";
				CLANG_ENABLE_MODULES = YES;
				CLANG_ENABLE_OBJC_ARC = YES;
				CLANG_ENABLE_OBJC_WEAK = YES;
				CLANG_WARN_BLOCK_CAPTURE_AUTORELEASING = YES;
				CLANG_WARN_BOOL_CONVERSION = YES;
				CLANG_WARN_COMMA = YES;
				CLANG_WARN_CONSTANT_CONVERSION = YES;
				CLANG_WARN_DEPRECATED_OBJC_IMPLEMENTATIONS = YES;
				CLANG_WARN_DIRECT_OBJC_ISA_USAGE = YES_ERROR;
				CLANG_WARN_DOCUMENTATION_COMMENTS = YES;
				CLANG_WARN_EMPTY_BODY = YES;
				CLANG_WARN_ENUM_CONVERSION = YES;
				CLANG_WARN_INFINITE_RECURSION = YES;
				CLANG_WARN_INT_CONVERSION = YES;
				CLANG_WARN_NON_LITERAL_NULL_CONVERSION = YES;
				CLANG_WARN_OBJC_IMPLICIT_RETAIN_SELF = YES;
				CLANG_WARN_OBJC_LITERAL_CONVERSION = YES;
				CLANG_WARN_OBJC_ROOT_CLASS = YES_ERROR;
				CLANG_WARN_QUOTED_INCLUDE_IN_FRAMEWORK_HEADER = YES;
				CLANG_WARN_RANGE_LOOP_ANALYSIS = YES;
				CLANG_WARN_STRICT_PROTOTYPES = YES;
				CLANG_WARN_SUSPICIOUS_MOVE = YES;
				CLANG_WARN_UNGUARDED_AVAILABILITY = YES_AGGRESSIVE;
				CLANG_WARN_UNREACHABLE_CODE = YES;
				CLANG_WARN__DUPLICATE_METHOD_MATCH = YES;
				COPY_PHASE_STRIP = NO;
				DEBUG_INFORMATION_FORMAT = "dwarf-with-dsym";
				ENABLE_NS_ASSERTIONS = NO;
				ENABLE_STRICT_OBJC_MSGSEND = YES;
				GCC_C_LANGUAGE_STANDARD = gnu11;
				GCC_NO_COMMON_BLOCKS = YES;
				GCC_WARN_64_TO_32_BIT_CONVERSION = YES;
				GCC_WARN_ABOUT_RETURN_TYPE = YES_ERROR;
				GCC_WARN_UNDECLARED_SELECTOR = YES;
				GCC_WARN_UNINITIALIZED_AUTOS = YES_AGGRESSIVE;
				GCC_WARN_UNUSED_FUNCTION = YES;
				GCC_WARN_UNUSED_VARIABLE = YES;
				IPHONEOS_DEPLOYMENT_TARGET = 14.5;
				MTL_ENABLE_DEBUG_INFO = NO;
				MTL_FAST_MATH = YES;
				SDKROOT = iphoneos;
				SWIFT_COMPILATION_MODE = wholemodule;
				SWIFT_OPTIMIZATION_LEVEL = "-O";
				VALIDATE_PRODUCT = YES;
			};
			name = Release;
		};
		813F9DBD26971EEB0014EB57 /* Debug */ = {
			isa = XCBuildConfiguration;
			buildSettings = {
				ASSETCATALOG_COMPILER_APPICON_NAME = AppIcon;
				ASSETCATALOG_COMPILER_GLOBAL_ACCENT_COLOR_NAME = AccentColor;
				CODE_SIGN_STYLE = Automatic;
				INFOPLIST_FILE = VoiceRecorder/Info.plist;
				LD_RUNPATH_SEARCH_PATHS = (
					"$(inherited)",
					"@executable_path/Frameworks",
				);
				PRODUCT_BUNDLE_IDENTIFIER = calvo.martin.raul.VoiceRecorder;
				PRODUCT_NAME = "$(TARGET_NAME)";
				SWIFT_VERSION = 5.0;
				TARGETED_DEVICE_FAMILY = "1,2";
			};
			name = Debug;
		};
		813F9DBE26971EEB0014EB57 /* Release */ = {
			isa = XCBuildConfiguration;
			buildSettings = {
				ASSETCATALOG_COMPILER_APPICON_NAME = AppIcon;
				ASSETCATALOG_COMPILER_GLOBAL_ACCENT_COLOR_NAME = AccentColor;
				CODE_SIGN_STYLE = Automatic;
				INFOPLIST_FILE = VoiceRecorder/Info.plist;
				LD_RUNPATH_SEARCH_PATHS = (
					"$(inherited)",
					"@executable_path/Frameworks",
				);
				PRODUCT_BUNDLE_IDENTIFIER = calvo.martin.raul.VoiceRecorder;
				PRODUCT_NAME = "$(TARGET_NAME)";
				SWIFT_VERSION = 5.0;
				TARGETED_DEVICE_FAMILY = "1,2";
			};
			name = Release;
		};
/* End XCBuildConfiguration section */

/* Begin XCConfigurationList section */
		813F9DA326971EE80014EB57 /* Build configuration list for PBXProject "VoiceRecorder" */ = {
			isa = XCConfigurationList;
			buildConfigurations = (
				813F9DBA26971EEB0014EB57 /* Debug */,
				813F9DBB26971EEB0014EB57 /* Release */,
			);
			defaultConfigurationIsVisible = 0;
			defaultConfigurationName = Release;
		};
		813F9DBC26971EEB0014EB57 /* Build configuration list for PBXNativeTarget "VoiceRecorder" */ = {
			isa = XCConfigurationList;
			buildConfigurations = (
				813F9DBD26971EEB0014EB57 /* Debug */,
				813F9DBE26971EEB0014EB57 /* Release */,
			);
			defaultConfigurationIsVisible = 0;
			defaultConfigurationName = Release;
		};
/* End XCConfigurationList section */
	};
	rootObject = 813F9DA026971EE80014EB57 /* Project object */;
}
